
Microsoft Visual Studio Solution File, Format Version 12.00
# Visual Studio Version 17
VisualStudioVersion = 17.1.32407.343
MinimumVisualStudioVersion = 10.0.40219.1
Project("{FAE04EC0-301F-11D3-BF4B-00C04F79EFBC}") = "task 21", "task 21.csproj", "{ADAE07E5-0F80-41D1-ACCE-FC87596F008C}"
EndProject
Global
	GlobalSection(SolutionConfigurationPlatforms) = preSolution
		Debug|Any CPU = Debug|Any CPU
		Release|Any CPU = Release|Any CPU
	EndGlobalSection
	GlobalSection(ProjectConfigurationPlatforms) = postSolution
		{ADAE07E5-0F80-41D1-ACCE-FC87596F008C}.Debug|Any CPU.ActiveCfg = Debug|Any CPU
		{ADAE07E5-0F80-41D1-ACCE-FC87596F008C}.Debug|Any CPU.Build.0 = Debug|Any CPU
		{ADAE07E5-0F80-41D1-ACCE-FC87596F008C}.Release|Any CPU.ActiveCfg = Release|Any CPU
		{ADAE07E5-0F80-41D1-ACCE-FC87596F008C}.Release|Any CPU.Build.0 = Release|Any CPU
	EndGlobalSection
	GlobalSection(SolutionProperties) = preSolution
		HideSolutionNode = FALSE
	EndGlobalSection
	GlobalSection(ExtensibilityGlobals) = postSolution
		SolutionGuid = {A3B8DB39-2215-4BA5-9B34-D8330DF9BB41}
	EndGlobalSection
EndGlobal
